
Microsoft Visual Studio Solution File, Format Version 12.00
# Visual Studio Version 17
VisualStudioVersion = 17.10.34928.147
MinimumVisualStudioVersion = 10.0.40219.1
Project("{FAE04EC0-301F-11D3-BF4B-00C04F79EFBC}") = "ExampleBlazorServerApp", "ExampleBlazorServerApp\ExampleBlazorServerApp.csproj", "{F5A87445-A7FB-4B90-8DC0-1AB5244EA30B}"
EndProject
Global
	GlobalSection(SolutionConfigurationPlatforms) = preSolution
		Debug|Any CPU = Debug|Any CPU
		Release|Any CPU = Release|Any CPU
	EndGlobalSection
	GlobalSection(ProjectConfigurationPlatforms) = postSolution
		{F5A87445-A7FB-4B90-8DC0-1AB5244EA30B}.Debug|Any CPU.ActiveCfg = Debug|Any CPU
		{F5A87445-A7FB-4B90-8DC0-1AB5244EA30B}.Debug|Any CPU.Build.0 = Debug|Any CPU
		{F5A87445-A7FB-4B90-8DC0-1AB5244EA30B}.Release|Any CPU.ActiveCfg = Release|Any CPU
		{F5A87445-A7FB-4B90-8DC0-1AB5244EA30B}.Release|Any CPU.Build.0 = Release|Any CPU
	EndGlobalSection
	GlobalSection(SolutionProperties) = preSolution
		HideSolutionNode = FALSE
	EndGlobalSection
	GlobalSection(ExtensibilityGlobals) = postSolution
		SolutionGuid = {4A57BDD8-1D73-4093-9C49-E5AD9D11E41B}
	EndGlobalSection
EndGlobal
